// !$*UTF8*$!
{
	archiveVersion = 1;
	classes = {
	};
	objectVersion = 46;
	objects = {

/* Begin PBXBuildFile section */
		8394EC381EE68C8700A244EF /* AppDelegate.swift in Sources */ = {isa = PBXBuildFile; fileRef = 8394EC371EE68C8700A244EF /* AppDelegate.swift */; };
		8394EC3A1EE68C8700A244EF /* ViewController.swift in Sources */ = {isa = PBXBuildFile; fileRef = 8394EC391EE68C8700A244EF /* ViewController.swift */; };
		8394EC3D1EE68C8700A244EF /* Main.storyboard in Resources */ = {isa = PBXBuildFile; fileRef = 8394EC3B1EE68C8700A244EF /* Main.storyboard */; };
		8394EC3F1EE68C8700A244EF /* Assets.xcassets in Resources */ = {isa = PBXBuildFile; fileRef = 8394EC3E1EE68C8700A244EF /* Assets.xcassets */; };
		8394EC421EE68C8700A244EF /* LaunchScreen.storyboard in Resources */ = {isa = PBXBuildFile; fileRef = 8394EC401EE68C8700A244EF /* LaunchScreen.storyboard */; };
		8394EC4A1EE68D1000A244EF /* CMExchangeComputer.swift in Sources */ = {isa = PBXBuildFile; fileRef = 8394EC491EE68D1000A244EF /* CMExchangeComputer.swift */; };
		8394EC4C1EE68D2700A244EF /* CMExchangeComputer.xib in Resources */ = {isa = PBXBuildFile; fileRef = 8394EC4B1EE68D2700A244EF /* CMExchangeComputer.xib */; };
/* End PBXBuildFile section */

/* Begin PBXFileReference section */
		8394EC341EE68C8700A244EF /* CMTextField.app */ = {isa = PBXFileReference; explicitFileType = wrapper.application; includeInIndex = 0; path = CMTextField.app; sourceTree = BUILT_PRODUCTS_DIR; };
		8394EC371EE68C8700A244EF /* AppDelegate.swift */ = {isa = PBXFileReference; lastKnownFileType = sourcecode.swift; path = AppDelegate.swift; sourceTree = "<group>"; };
		8394EC391EE68C8700A244EF /* ViewController.swift */ = {isa = PBXFileReference; lastKnownFileType = sourcecode.swift; path = ViewController.swift; sourceTree = "<group>"; };
		8394EC3C1EE68C8700A244EF /* Base */ = {isa = PBXFileReference; lastKnownFileType = file.storyboard; name = Base; path = Base.lproj/Main.storyboard; sourceTree = "<group>"; };
		8394EC3E1EE68C8700A244EF /* Assets.xcassets */ = {isa = PBXFileReference; lastKnownFileType = folder.assetcatalog; path = Assets.xcassets; sourceTree = "<group>"; };
		8394EC411EE68C8700A244EF /* Base */ = {isa = PBXFileReference; lastKnownFileType = file.storyboard; name = Base; path = Base.lproj/LaunchScreen.storyboard; sourceTree = "<group>"; };
		8394EC431EE68C8700A244EF /* Info.plist */ = {isa = PBXFileReference; lastKnownFileType = text.plist.xml; path = Info.plist; sourceTree = "<group>"; };
		8394EC491EE68D1000A244EF /* CMExchangeComputer.swift */ = {isa = PBXFileReference; fileEncoding = 4; lastKnownFileType = sourcecode.swift; path = CMExchangeComputer.swift; sourceTree = "<group>"; };
		8394EC4B1EE68D2700A244EF /* CMExchangeComputer.xib */ = {isa = PBXFileReference; fileEncoding = 4; lastKnownFileType = file.xib; path = CMExchangeComputer.xib; sourceTree = "<group>"; };
/* End PBXFileReference section */

/* Begin PBXFrameworksBuildPhase section */
		8394EC311EE68C8700A244EF /* Frameworks */ = {
			isa = PBXFrameworksBuildPhase;
			buildActionMask = 2147483647;
			files = (
			);
			runOnlyForDeploymentPostprocessing = 0;
		};
/* End PBXFrameworksBuildPhase section */

/* Begin PBXGroup section */
		8394EC2B1EE68C8700A244EF = {
			isa = PBXGroup;
			children = (
				8394EC361EE68C8700A244EF /* CMTextField */,
				8394EC351EE68C8700A244EF /* Products */,
			);
			sourceTree = "<group>";
		};
		8394EC351EE68C8700A244EF /* Products */ = {
			isa = PBXGroup;
			children = (
				8394EC341EE68C8700A244EF /* CMTextField.app */,
			);
			name = Products;
			sourceTree = "<group>";
		};
		8394EC361EE68C8700A244EF /* CMTextField */ = {
			isa = PBXGroup;
			children = (
				8394EC371EE68C8700A244EF /* AppDelegate.swift */,
				8394EC391EE68C8700A244EF /* ViewController.swift */,
				8394EC3B1EE68C8700A244EF /* Main.storyboard */,
				8394EC491EE68D1000A244EF /* CMExchangeComputer.swift */,
				8394EC4B1EE68D2700A244EF /* CMExchangeComputer.xib */,
				8394EC3E1EE68C8700A244EF /* Assets.xcassets */,
				8394EC401EE68C8700A244EF /* LaunchScreen.storyboard */,
				8394EC431EE68C8700A244EF /* Info.plist */,
			);
			path = CMTextField;
			sourceTree = "<group>";
		};
/* End PBXGroup section */

/* Begin PBXNativeTarget section */
		8394EC331EE68C8700A244EF /* CMTextField */ = {
			isa = PBXNativeTarget;
			buildConfigurationList = 8394EC461EE68C8700A244EF /* Build configuration list for PBXNativeTarget "CMTextField" */;
			buildPhases = (
				8394EC301EE68C8700A244EF /* Sources */,
				8394EC311EE68C8700A244EF /* Frameworks */,
				8394EC321EE68C8700A244EF /* Resources */,
			);
			buildRules = (
			);
			dependencies = (
			);
			name = CMTextField;
			productName = CMTextField;
			productReference = 8394EC341EE68C8700A244EF /* CMTextField.app */;
			productType = "com.apple.product-type.application";
		};
/* End PBXNativeTarget section */

/* Begin PBXProject section */
		8394EC2C1EE68C8700A244EF /* Project object */ = {
			isa = PBXProject;
			attributes = {
				LastSwiftUpdateCheck = 0830;
				LastUpgradeCheck = 0830;
				ORGANIZATIONNAME = CM;
				TargetAttributes = {
					8394EC331EE68C8700A244EF = {
						CreatedOnToolsVersion = 8.3;
						DevelopmentTeam = 768U2S2GPR;
						ProvisioningStyle = Automatic;
					};
				};
			};
			buildConfigurationList = 8394EC2F1EE68C8700A244EF /* Build configuration list for PBXProject "CMTextField" */;
			compatibilityVersion = "Xcode 3.2";
			developmentRegion = English;
			hasScannedForEncodings = 0;
			knownRegions = (
				en,
				Base,
			);
			mainGroup = 8394EC2B1EE68C8700A244EF;
			productRefGroup = 8394EC351EE68C8700A244EF /* Products */;
			projectDirPath = "";
			projectRoot = "";
			targets = (
				8394EC331EE68C8700A244EF /* CMTextField */,
			);
		};
/* End PBXProject section */

/* Begin PBXResourcesBuildPhase section */
		8394EC321EE68C8700A244EF /* Resources */ = {
			isa = PBXResourcesBuildPhase;
			buildActionMask = 2147483647;
			files = (
				8394EC421EE68C8700A244EF /* LaunchScreen.storyboard in Resources */,
				8394EC4C1EE68D2700A244EF /* CMExchangeComputer.xib in Resources */,
				8394EC3F1EE68C8700A244EF /* Assets.xcassets in Resources */,
				8394EC3D1EE68C8700A244EF /* Main.storyboard in Resources */,
			);
			runOnlyForDeploymentPostprocessing = 0;
		};
/* End PBXResourcesBuildPhase section */

/* Begin PBXSourcesBuildPhase section */
		8394EC301EE68C8700A244EF /* Sources */ = {
			isa = PBXSourcesBuildPhase;
			buildActionMask = 2147483647;
			files = (
				8394EC4A1EE68D1000A244EF /* CMExchangeComputer.swift in Sources */,
				8394EC3A1EE68C8700A244EF /* ViewController.swift in Sources */,
				8394EC381EE68C8700A244EF /* AppDelegate.swift in Sources */,
			);
			runOnlyForDeploymentPostprocessing = 0;
		};
/* End PBXSourcesBuildPhase section */

/* Begin PBXVariantGroup section */
		8394EC3B1EE68C8700A244EF /* Main.storyboard */ = {
			isa = PBXVariantGroup;
			children = (
				8394EC3C1EE68C8700A244EF /* Base */,
			);
			name = Main.storyboard;
			sourceTree = "<group>";
		};
		8394EC401EE68C8700A244EF /* LaunchScreen.storyboard */ = {
			isa = PBXVariantGroup;
			children = (
				8394EC411EE68C8700A244EF /* Base */,
			);
			name = LaunchScreen.storyboard;
			sourceTree = "<group>";
		};
/* End PBXVariantGroup section */

/* Begin XCBuildConfiguration section */
		8394EC441EE68C8700A244EF /* Debug */ = {
			isa = XCBuildConfiguration;
			buildSettings = {
				ALWAYS_SEARCH_USER_PATHS = NO;
				CLANG_ANALYZER_NONNULL = YES;
				CLANG_ANALYZER_NUMBER_OBJECT_CONVERSION = YES_AGGRESSIVE;
				CLANG_CXX_LANGUAGE_STANDARD = "gnu++0x";
				CLANG_CXX_LIBRARY = "libc++";
				CLANG_ENABLE_MODULES = YES;
				CLANG_ENABLE_OBJC_ARC = YES;
				CLANG_WARN_BOOL_CONVERSION = YES;
				CLANG_WARN_CONSTANT_CONVERSION = YES;
				CLANG_WARN_DIRECT_OBJC_ISA_USAGE = YES_ERROR;
				CLANG_WARN_DOCUMENTATION_COMMENTS = YES;
				CLANG_WARN_EMPTY_BODY = YES;
				CLANG_WARN_ENUM_CONVERSION = YES;
				CLANG_WARN_INFINITE_RECURSION = YES;
				CLANG_WARN_INT_CONVERSION = YES;
				CLANG_WARN_OBJC_ROOT_CLASS = YES_ERROR;
				CLANG_WARN_SUSPICIOUS_MOVE = YES;
				CLANG_WARN_UNREACHABLE_CODE = YES;
				CLANG_WARN__DUPLICATE_METHOD_MATCH = YES;
				"CODE_SIGN_IDENTITY[sdk=iphoneos*]" = "iPhone Developer";
				COPY_PHASE_STRIP = NO;
				DEBUG_INFORMATION_FORMAT = dwarf;
				ENABLE_STRICT_OBJC_MSGSEND = YES;
				ENABLE_TESTABILITY = YES;
				GCC_C_LANGUAGE_STANDARD = gnu99;
				GCC_DYNAMIC_NO_PIC = NO;
				GCC_NO_COMMON_BLOCKS = YES;
				GCC_OPTIMIZATION_LEVEL = 0;
				GCC_PREPROCESSOR_DEFINITIONS = (
					"DEBUG=1",
					"$(inherited)",
				);
				GCC_WARN_64_TO_32_BIT_CONVERSION = YES;
				GCC_WARN_ABOUT_RETURN_TYPE = YES_ERROR;
				GCC_WARN_UNDECLARED_SELECTOR = YES;
				GCC_WARN_UNINITIALIZED_AUTOS = YES_AGGRESSIVE;
				GCC_WARN_UNUSED_FUNCTION = YES;
				GCC_WARN_UNUSED_VARIABLE = YES;
				IPHONEOS_DEPLOYMENT_TARGET = 10.3;
				MTL_ENABLE_DEBUG_INFO = YES;
				ONLY_ACTIVE_ARCH = YES;
				SDKROOT = iphoneos;
				SWIFT_ACTIVE_COMPILATION_CONDITIONS = DEBUG;
				SWIFT_OPTIMIZATION_LEVEL = "-Onone";
			};
			name = Debug;
		};
		8394EC451EE68C8700A244EF /* Release */ = {
			isa = XCBuildConfiguration;
			buildSettings = {
				ALWAYS_SEARCH_USER_PATHS = NO;
				CLANG_ANALYZER_NONNULL = YES;
				CLANG_ANALYZER_NUMBER_OBJECT_CONVERSION = YES_AGGRESSIVE;
				CLANG_CXX_LANGUAGE_STANDARD = "gnu++0x";
				CLANG_CXX_LIBRARY = "libc++";
				CLANG_ENABLE_MODULES = YES;
				CLANG_ENABLE_OBJC_ARC = YES;
				CLANG_WARN_BOOL_CONVERSION = YES;
				CLANG_WARN_CONSTANT_CONVERSION = YES;
				CLANG_WARN_DIRECT_OBJC_ISA_USAGE = YES_ERROR;
				CLANG_WARN_DOCUMENTATION_COMMENTS = YES;
				CLANG_WARN_EMPTY_BODY = YES;
				CLANG_WARN_ENUM_CONVERSION = YES;
				CLANG_WARN_INFINITE_RECURSION = YES;
				CLANG_WARN_INT_CONVERSION = YES;
				CLANG_WARN_OBJC_ROOT_CLASS = YES_ERROR;
				CLANG_WARN_SUSPICIOUS_MOVE = YES;
				CLANG_WARN_UNREACHABLE_CODE = YES;
				CLANG_WARN__DUPLICATE_METHOD_MATCH = YES;
				"CODE_SIGN_IDENTITY[sdk=iphoneos*]" = "iPhone Developer";
				COPY_PHASE_STRIP = NO;
				DEBUG_INFORMATION_FORMAT = "dwarf-with-dsym";
				ENABLE_NS_ASSERTIONS = NO;
				ENABLE_STRICT_OBJC_MSGSEND = YES;
				GCC_C_LANGUAGE_STANDARD = gnu99;
				GCC_NO_COMMON_BLOCKS = YES;
				GCC_WARN_64_TO_32_BIT_CONVERSION = YES;
				GCC_WARN_ABOUT_RETURN_TYPE = YES_ERROR;
				GCC_WARN_UNDECLARED_SELECTOR = YES;
				GCC_WARN_UNINITIALIZED_AUTOS = YES_AGGRESSIVE;
				GCC_WARN_UNUSED_FUNCTION = YES;
				GCC_WARN_UNUSED_VARIABLE = YES;
				IPHONEOS_DEPLOYMENT_TARGET = 10.3;
				MTL_ENABLE_DEBUG_INFO = NO;
				SDKROOT = iphoneos;
				SWIFT_OPTIMIZATION_LEVEL = "-Owholemodule";
				VALIDATE_PRODUCT = YES;
			};
			name = Release;
		};
		8394EC471EE68C8700A244EF /* Debug */ = {
			isa = XCBuildConfiguration;
			buildSettings = {
				ASSETCATALOG_COMPILER_APPICON_NAME = AppIcon;
				DEVELOPMENT_TEAM = 768U2S2GPR;
				INFOPLIST_FILE = CMTextField/Info.plist;
				LD_RUNPATH_SEARCH_PATHS = "$(inherited) @executable_path/Frameworks";
				PRODUCT_BUNDLE_IDENTIFIER = CM.CMTextField;
				PRODUCT_NAME = "$(TARGET_NAME)";
				SWIFT_VERSION = 3.0;
			};
			name = Debug;
		};
		8394EC481EE68C8700A244EF /* Release */ = {
			isa = XCBuildConfiguration;
			buildSettings = {
				ASSETCATALOG_COMPILER_APPICON_NAME = AppIcon;
				DEVELOPMENT_TEAM = 768U2S2GPR;
				INFOPLIST_FILE = CMTextField/Info.plist;
				LD_RUNPATH_SEARCH_PATHS = "$(inherited) @executable_path/Frameworks";
				PRODUCT_BUNDLE_IDENTIFIER = CM.CMTextField;
				PRODUCT_NAME = "$(TARGET_NAME)";
				SWIFT_VERSION = 3.0;
			};
			name = Release;
		};
/* End XCBuildConfiguration section */

/* Begin XCConfigurationList section */
		8394EC2F1EE68C8700A244EF /* Build configuration list for PBXProject "CMTextField" */ = {
			isa = XCConfigurationList;
			buildConfigurations = (
				8394EC441EE68C8700A244EF /* Debug */,
				8394EC451EE68C8700A244EF /* Release */,
			);
			defaultConfigurationIsVisible = 0;
			defaultConfigurationName = Release;
		};
		8394EC461EE68C8700A244EF /* Build configuration list for PBXNativeTarget "CMTextField" */ = {
			isa = XCConfigurationList;
			buildConfigurations = (
				8394EC471EE68C8700A244EF /* Debug */,
				8394EC481EE68C8700A244EF /* Release */,
			);
			defaultConfigurationIsVisible = 0;
		};
/* End XCConfigurationList section */
	};
	rootObject = 8394EC2C1EE68C8700A244EF /* Project object */;
}
